lockfileVersion: '6.0'

settings:
  autoInstallPeers: true
  excludeLinksFromLockfile: false

dependencies:
  ws:
    specifier: ^8.15.1
    version: 8.15.1

devDependencies:
  '@types/node':
    specifier: ^12.20.11
    version: 12.20.55
  '@types/ws':
    specifier: ^8.5.10
    version: 8.5.10
  typescript:
    specifier: ^4.2.4
    version: 4.9.5

packages:

  /@types/node@12.20.55:
    resolution: {integrity: sha512-J8xLz7q2OFulZ2cyGTLE1TbbZcjpno7FaN6zdJNrgAdrJ+DZzh/uFR6YrTb4C+nXakvud8Q4+rbhoIWlYQbUFQ==}
    dev: true

  /@types/ws@8.5.10:
    resolution: {integrity: sha512-vmQSUcfalpIq0R9q7uTo2lXs6eGIpt9wtnLdMv9LVpIjCA/+ufZRozlVoVelIYixx1ugCBKDhn89vnsEGOCx9A==}
    dependencies:
      '@types/node': 12.20.55
    dev: true

  /typescript@4.9.5:
    resolution: {integrity: sha512-1FXk9E2Hm+QzZQ7z+McJiHL4NW1F2EzMu9Nq9i3zAaGqibafqYwCVU6WyWAuyQRRzOlxou8xZSyXLEN8oKj24g==}
    engines: {node: '>=4.2.0'}
    hasBin: true
    dev: true

  /ws@8.15.1:
    resolution: {integrity: sha512-W5OZiCjXEmk0yZ66ZN82beM5Sz7l7coYxpRkzS+p9PP+ToQry8szKh+61eNktr7EA9DOwvFGhfC605jDHbP6QQ==}
    engines: {node: '>=10.0.0'}
    peerDependencies:
      bufferutil: ^4.0.1
      utf-8-validate: '>=5.0.2'
    peerDependenciesMeta:
      bufferutil:
        optional: true
      utf-8-validate:
        optional: true
    dev: false
